// !$*UTF8*$!
{
	archiveVersion = 1;
	classes = {
	};
	objectVersion = 46;
	objects = {

/* Begin PBXBuildFile section */
		AA99370D1EF7236200EBFCBE /* AppDelegate.swift in Sources */ = {isa = PBXBuildFile; fileRef = AA99370C1EF7236200EBFCBE /* AppDelegate.swift */; };
		AA99370F1EF7236200EBFCBE /* ViewController.swift in Sources */ = {isa = PBXBuildFile; fileRef = AA99370E1EF7236200EBFCBE /* ViewController.swift */; };
		AA9937121EF7236300EBFCBE /* Main.storyboard in Resources */ = {isa = PBXBuildFile; fileRef = AA9937101EF7236300EBFCBE /* Main.storyboard */; };
		AA9937141EF7236300EBFCBE /* Assets.xcassets in Resources */ = {isa = PBXBuildFile; fileRef = AA9937131EF7236300EBFCBE /* Assets.xcassets */; };
		AA9937171EF7236300EBFCBE /* LaunchScreen.storyboard in Resources */ = {isa = PBXBuildFile; fileRef = AA9937151EF7236300EBFCBE /* LaunchScreen.storyboard */; };
		AAC023C61EF7629200BCE3F9 /* Gavatar.swift in Sources */ = {isa = PBXBuildFile; fileRef = AAC023C51EF7629200BCE3F9 /* Gavatar.swift */; };
/* End PBXBuildFile section */

/* Begin PBXFileReference section */
		AA9937091EF7236200EBFCBE /* Gavatar.app */ = {isa = PBXFileReference; explicitFileType = wrapper.application; includeInIndex = 0; path = Gavatar.app; sourceTree = BUILT_PRODUCTS_DIR; };
		AA99370C1EF7236200EBFCBE /* AppDelegate.swift */ = {isa = PBXFileReference; lastKnownFileType = sourcecode.swift; path = AppDelegate.swift; sourceTree = "<group>"; };
		AA99370E1EF7236200EBFCBE /* ViewController.swift */ = {isa = PBXFileReference; lastKnownFileType = sourcecode.swift; path = ViewController.swift; sourceTree = "<group>"; };
		AA9937111EF7236300EBFCBE /* Base */ = {isa = PBXFileReference; lastKnownFileType = file.storyboard; name = Base; path = Base.lproj/Main.storyboard; sourceTree = "<group>"; };
		AA9937131EF7236300EBFCBE /* Assets.xcassets */ = {isa = PBXFileReference; lastKnownFileType = folder.assetcatalog; path = Assets.xcassets; sourceTree = "<group>"; };
		AA9937161EF7236300EBFCBE /* Base */ = {isa = PBXFileReference; lastKnownFileType = file.storyboard; name = Base; path = Base.lproj/LaunchScreen.storyboard; sourceTree = "<group>"; };
		AA9937181EF7236300EBFCBE /* Info.plist */ = {isa = PBXFileReference; lastKnownFileType = text.plist.xml; path = Info.plist; sourceTree = "<group>"; };
		AAC023C51EF7629200BCE3F9 /* Gavatar.swift */ = {isa = PBXFileReference; fileEncoding = 4; lastKnownFileType = sourcecode.swift; path = Gavatar.swift; sourceTree = "<group>"; };
/* End PBXFileReference section */

/* Begin PBXFrameworksBuildPhase section */
		AA9937061EF7236200EBFCBE /* Frameworks */ = {
			isa = PBXFrameworksBuildPhase;
			buildActionMask = 2147483647;
			files = (
			);
			runOnlyForDeploymentPostprocessing = 0;
		};
/* End PBXFrameworksBuildPhase section */

/* Begin PBXGroup section */
		AA9937001EF7236200EBFCBE = {
			isa = PBXGroup;
			children = (
				AA99370B1EF7236200EBFCBE /* Gavatar */,
				AA99370A1EF7236200EBFCBE /* Products */,
			);
			sourceTree = "<group>";
		};
		AA99370A1EF7236200EBFCBE /* Products */ = {
			isa = PBXGroup;
			children = (
				AA9937091EF7236200EBFCBE /* Gavatar.app */,
			);
			name = Products;
			sourceTree = "<group>";
		};
		AA99370B1EF7236200EBFCBE /* Gavatar */ = {
			isa = PBXGroup;
			children = (
				AA99370C1EF7236200EBFCBE /* AppDelegate.swift */,
				AA99370E1EF7236200EBFCBE /* ViewController.swift */,
				AA9937101EF7236300EBFCBE /* Main.storyboard */,
				AA9937131EF7236300EBFCBE /* Assets.xcassets */,
				AA9937151EF7236300EBFCBE /* LaunchScreen.storyboard */,
				AA9937181EF7236300EBFCBE /* Info.plist */,
				AAC023C51EF7629200BCE3F9 /* Gavatar.swift */,
			);
			path = Gavatar;
			sourceTree = "<group>";
		};
/* End PBXGroup section */

/* Begin PBXNativeTarget section */
		AA9937081EF7236200EBFCBE /* Gavatar */ = {
			isa = PBXNativeTarget;
			buildConfigurationList = AA99371B1EF7236300EBFCBE /* Build configuration list for PBXNativeTarget "Gavatar" */;
			buildPhases = (
				AA9937051EF7236200EBFCBE /* Sources */,
				AA9937061EF7236200EBFCBE /* Frameworks */,
				AA9937071EF7236200EBFCBE /* Resources */,
			);
			buildRules = (
			);
			dependencies = (
			);
			name = Gavatar;
			productName = Gavatar;
			productReference = AA9937091EF7236200EBFCBE /* Gavatar.app */;
			productType = "com.apple.product-type.application";
		};
/* End PBXNativeTarget section */

/* Begin PBXProject section */
		AA9937011EF7236200EBFCBE /* Project object */ = {
			isa = PBXProject;
			attributes = {
				LastSwiftUpdateCheck = 0830;
				LastUpgradeCheck = 0830;
				ORGANIZATIONNAME = EmrahKorkmaz;
				TargetAttributes = {
					AA9937081EF7236200EBFCBE = {
						CreatedOnToolsVersion = 8.3.3;
						ProvisioningStyle = Automatic;
					};
				};
			};
			buildConfigurationList = AA9937041EF7236200EBFCBE /* Build configuration list for PBXProject "Gavatar" */;
			compatibilityVersion = "Xcode 3.2";
			developmentRegion = English;
			hasScannedForEncodings = 0;
			knownRegions = (
				en,
				Base,
			);
			mainGroup = AA9937001EF7236200EBFCBE;
			productRefGroup = AA99370A1EF7236200EBFCBE /* Products */;
			projectDirPath = "";
			projectRoot = "";
			targets = (
				AA9937081EF7236200EBFCBE /* Gavatar */,
			);
		};
/* End PBXProject section */

/* Begin PBXResourcesBuildPhase section */
		AA9937071EF7236200EBFCBE /* Resources */ = {
			isa = PBXResourcesBuildPhase;
			buildActionMask = 2147483647;
			files = (
				AA9937171EF7236300EBFCBE /* LaunchScreen.storyboard in Resources */,
				AA9937141EF7236300EBFCBE /* Assets.xcassets in Resources */,
				AA9937121EF7236300EBFCBE /* Main.storyboard in Resources */,
			);
			runOnlyForDeploymentPostprocessing = 0;
		};
/* End PBXResourcesBuildPhase section */

/* Begin PBXSourcesBuildPhase section */
		AA9937051EF7236200EBFCBE /* Sources */ = {
			isa = PBXSourcesBuildPhase;
			buildActionMask = 2147483647;
			files = (
				AA99370F1EF7236200EBFCBE /* ViewController.swift in Sources */,
				AA99370D1EF7236200EBFCBE /* AppDelegate.swift in Sources */,
				AAC023C61EF7629200BCE3F9 /* Gavatar.swift in Sources */,
			);
			runOnlyForDeploymentPostprocessing = 0;
		};
/* End PBXSourcesBuildPhase section */

/* Begin PBXVariantGroup section */
		AA9937101EF7236300EBFCBE /* Main.storyboard */ = {
			isa = PBXVariantGroup;
			children = (
				AA9937111EF7236300EBFCBE /* Base */,
			);
			name = Main.storyboard;
			sourceTree = "<group>";
		};
		AA9937151EF7236300EBFCBE /* LaunchScreen.storyboard */ = {
			isa = PBXVariantGroup;
			children = (
				AA9937161EF7236300EBFCBE /* Base */,
			);
			name = LaunchScreen.storyboard;
			sourceTree = "<group>";
		};
/* End PBXVariantGroup section */

/* Begin XCBuildConfiguration section */
		AA9937191EF7236300EBFCBE /* Debug */ = {
			isa = XCBuildConfiguration;
			buildSettings = {
				ALWAYS_SEARCH_USER_PATHS = NO;
				CLANG_ANALYZER_NONNULL = YES;
				CLANG_ANALYZER_NUMBER_OBJECT_CONVERSION = YES_AGGRESSIVE;
				CLANG_CXX_LANGUAGE_STANDARD = "gnu++0x";
				CLANG_CXX_LIBRARY = "libc++";
				CLANG_ENABLE_MODULES = YES;
				CLANG_ENABLE_OBJC_ARC = YES;
				CLANG_WARN_BOOL_CONVERSION = YES;
				CLANG_WARN_CONSTANT_CONVERSION = YES;
				CLANG_WARN_DIRECT_OBJC_ISA_USAGE = YES_ERROR;
				CLANG_WARN_DOCUMENTATION_COMMENTS = YES;
				CLANG_WARN_EMPTY_BODY = YES;
				CLANG_WARN_ENUM_CONVERSION = YES;
				CLANG_WARN_INFINITE_RECURSION = YES;
				CLANG_WARN_INT_CONVERSION = YES;
				CLANG_WARN_OBJC_ROOT_CLASS = YES_ERROR;
				CLANG_WARN_SUSPICIOUS_MOVE = YES;
				CLANG_WARN_UNREACHABLE_CODE = YES;
				CLANG_WARN__DUPLICATE_METHOD_MATCH = YES;
				"CODE_SIGN_IDENTITY[sdk=iphoneos*]" = "iPhone Developer";
				COPY_PHASE_STRIP = NO;
				DEBUG_INFORMATION_FORMAT = dwarf;
				ENABLE_STRICT_OBJC_MSGSEND = YES;
				ENABLE_TESTABILITY = YES;
				GCC_C_LANGUAGE_STANDARD = gnu99;
				GCC_DYNAMIC_NO_PIC = NO;
				GCC_NO_COMMON_BLOCKS = YES;
				GCC_OPTIMIZATION_LEVEL = 0;
				GCC_PREPROCESSOR_DEFINITIONS = (
					"DEBUG=1",
					"$(inherited)",
				);
				GCC_WARN_64_TO_32_BIT_CONVERSION = YES;
				GCC_WARN_ABOUT_RETURN_TYPE = YES_ERROR;
				GCC_WARN_UNDECLARED_SELECTOR = YES;
				GCC_WARN_UNINITIALIZED_AUTOS = YES_AGGRESSIVE;
				GCC_WARN_UNUSED_FUNCTION = YES;
				GCC_WARN_UNUSED_VARIABLE = YES;
				IPHONEOS_DEPLOYMENT_TARGET = 10.3;
				MTL_ENABLE_DEBUG_INFO = YES;
				ONLY_ACTIVE_ARCH = YES;
				SDKROOT = iphoneos;
				SWIFT_ACTIVE_COMPILATION_CONDITIONS = DEBUG;
				SWIFT_OPTIMIZATION_LEVEL = "-Onone";
				TARGETED_DEVICE_FAMILY = "1,2";
			};
			name = Debug;
		};
		AA99371A1EF7236300EBFCBE /* Release */ = {
			isa = XCBuildConfiguration;
			buildSettings = {
				ALWAYS_SEARCH_USER_PATHS = NO;
				CLANG_ANALYZER_NONNULL = YES;
				CLANG_ANALYZER_NUMBER_OBJECT_CONVERSION = YES_AGGRESSIVE;
				CLANG_CXX_LANGUAGE_STANDARD = "gnu++0x";
				CLANG_CXX_LIBRARY = "libc++";
				CLANG_ENABLE_MODULES = YES;
				CLANG_ENABLE_OBJC_ARC = YES;
				CLANG_WARN_BOOL_CONVERSION = YES;
				CLANG_WARN_CONSTANT_CONVERSION = YES;
				CLANG_WARN_DIRECT_OBJC_ISA_USAGE = YES_ERROR;
				CLANG_WARN_DOCUMENTATION_COMMENTS = YES;
				CLANG_WARN_EMPTY_BODY = YES;
				CLANG_WARN_ENUM_CONVERSION = YES;
				CLANG_WARN_INFINITE_RECURSION = YES;
				CLANG_WARN_INT_CONVERSION = YES;
				CLANG_WARN_OBJC_ROOT_CLASS = YES_ERROR;
				CLANG_WARN_SUSPICIOUS_MOVE = YES;
				CLANG_WARN_UNREACHABLE_CODE = YES;
				CLANG_WARN__DUPLICATE_METHOD_MATCH = YES;
				"CODE_SIGN_IDENTITY[sdk=iphoneos*]" = "iPhone Developer";
				COPY_PHASE_STRIP = NO;
				DEBUG_INFORMATION_FORMAT = "dwarf-with-dsym";
				ENABLE_NS_ASSERTIONS = NO;
				ENABLE_STRICT_OBJC_MSGSEND = YES;
				GCC_C_LANGUAGE_STANDARD = gnu99;
				GCC_NO_COMMON_BLOCKS = YES;
				GCC_WARN_64_TO_32_BIT_CONVERSION = YES;
				GCC_WARN_ABOUT_RETURN_TYPE = YES_ERROR;
				GCC_WARN_UNDECLARED_SELECTOR = YES;
				GCC_WARN_UNINITIALIZED_AUTOS = YES_AGGRESSIVE;
				GCC_WARN_UNUSED_FUNCTION = YES;
				GCC_WARN_UNUSED_VARIABLE = YES;
				IPHONEOS_DEPLOYMENT_TARGET = 10.3;
				MTL_ENABLE_DEBUG_INFO = NO;
				SDKROOT = iphoneos;
				SWIFT_OPTIMIZATION_LEVEL = "-Owholemodule";
				TARGETED_DEVICE_FAMILY = "1,2";
				VALIDATE_PRODUCT = YES;
			};
			name = Release;
		};
		AA99371C1EF7236300EBFCBE /* Debug */ = {
			isa = XCBuildConfiguration;
			buildSettings = {
				ASSETCATALOG_COMPILER_APPICON_NAME = AppIcon;
				INFOPLIST_FILE = Gavatar/Info.plist;
				LD_RUNPATH_SEARCH_PATHS = "$(inherited) @executable_path/Frameworks";
				PRODUCT_BUNDLE_IDENTIFIER = com.emrah.Gavatar;
				PRODUCT_NAME = "$(TARGET_NAME)";
				SWIFT_VERSION = 3.0;
			};
			name = Debug;
		};
		AA99371D1EF7236300EBFCBE /* Release */ = {
			isa = XCBuildConfiguration;
			buildSettings = {
				ASSETCATALOG_COMPILER_APPICON_NAME = AppIcon;
				INFOPLIST_FILE = Gavatar/Info.plist;
				LD_RUNPATH_SEARCH_PATHS = "$(inherited) @executable_path/Frameworks";
				PRODUCT_BUNDLE_IDENTIFIER = com.emrah.Gavatar;
				PRODUCT_NAME = "$(TARGET_NAME)";
				SWIFT_VERSION = 3.0;
			};
			name = Release;
		};
/* End XCBuildConfiguration section */

/* Begin XCConfigurationList section */
		AA9937041EF7236200EBFCBE /* Build configuration list for PBXProject "Gavatar" */ = {
			isa = XCConfigurationList;
			buildConfigurations = (
				AA9937191EF7236300EBFCBE /* Debug */,
				AA99371A1EF7236300EBFCBE /* Release */,
			);
			defaultConfigurationIsVisible = 0;
			defaultConfigurationName = Release;
		};
		AA99371B1EF7236300EBFCBE /* Build configuration list for PBXNativeTarget "Gavatar" */ = {
			isa = XCConfigurationList;
			buildConfigurations = (
				AA99371C1EF7236300EBFCBE /* Debug */,
				AA99371D1EF7236300EBFCBE /* Release */,
			);
			defaultConfigurationIsVisible = 0;
			defaultConfigurationName = Release;
		};
/* End XCConfigurationList section */
	};
	rootObject = AA9937011EF7236200EBFCBE /* Project object */;
}
